{
  "name": "portifolio",
  "lockfileVersion": 3,
  "requires": true,
  "packages": {
    "": {
      "dependencies": {
        "powerbi-client": "^2.23.10"
      }
    },
    "node_modules/es6-promise": {
      "version": "3.3.1",
      "resolved": "https://registry.npmjs.org/es6-promise/-/es6-promise-3.3.1.tgz",
      "integrity": "sha512-SOp9Phqvqn7jtEUxPWdWfWoLmyt2VaJ6MpvP9Comy1MceMXqE6bxvaTu4iaxpYYPzhny28Lc+M87/c2cPK6lDg==",
      "license": "MIT"
    },
    "node_modules/http-post-message": {
      "version": "0.3.0",
      "resolved": "https://registry.npmjs.org/http-post-message/-/http-post-message-0.3.0.tgz",
      "integrity": "sha512-tfn1ca5RcRKdejbFanY2ydN4pXB+youdgtNz1GSKtWvzbaf63sGQWyRjo5bnqlebTjG85wY0GUADDD0tAVpmkQ==",
      "license": "MIT",
      "dependencies": {
        "es6-promise": "^3.2.1"
      }
    },
    "node_modules/powerbi-client": {
      "version": "2.23.10",
      "resolved": "https://registry.npmjs.org/powerbi-client/-/powerbi-client-2.23.10.tgz",
      "integrity": "sha512-jqAatMokgk6c204R92ZDwbbCZKtskrZ3GPaUXo1TDUiD89jg22GP1xkCwf2tMnrbG1VyWGjQIyAg+/HZPtyKNg==",
      "license": "MIT",
      "dependencies": {
        "http-post-message": "^0.3.0",
        "powerbi-models": "^2.0.1",
        "powerbi-router": "^0.1",
        "window-post-message-proxy": "^0.3.0"
      }
    },
    "node_modules/powerbi-models": {
      "version": "2.0.1",
      "resolved": "https://registry.npmjs.org/powerbi-models/-/powerbi-models-2.0.1.tgz",
      "integrity": "sha512-hYYbxCNB3VJ/vn/mbldWHXLvJYHCS4ECzUEskzlTtaaVFILMhMr2r9p3wUjGTIUmZZQ6Ve8KkVT2o1w+aGjiGw==",
      "license": "MIT"
    },
    "node_modules/powerbi-router": {
      "version": "0.1.5",
      "resolved": "https://registry.npmjs.org/powerbi-router/-/powerbi-router-0.1.5.tgz",
      "integrity": "sha512-DFJCKxwh/DqMZXtHSo6xZl87mbRviZGn4P7Oi2rT0L4HMI4AjnWIrwg0JCSM7ymBzYnNe5UmrsCaf2Upur5RQA==",
      "license": "MIT",
      "dependencies": {
        "es6-promise": "^3.2.1",
        "route-recognizer": "^0.1.11"
      }
    },
    "node_modules/route-recognizer": {
      "version": "0.1.11",
      "resolved": "https://registry.npmjs.org/route-recognizer/-/route-recognizer-0.1.11.tgz",
      "integrity": "sha512-7JNu5mXQVa39zxmUKyk/bfpeF2WyEC5JKVTJO5HATcoUQpcQsI3eLzhwGU69xeOagQxfOQ+yr2sSv0G8xy+vQA==",
      "license": "MIT"
    },
    "node_modules/window-post-message-proxy": {
      "version": "0.3.0",
      "resolved": "https://registry.npmjs.org/window-post-message-proxy/-/window-post-message-proxy-0.3.0.tgz",
      "integrity": "sha512-dEpItkLX97djHvWzcbVmyelEPoq2Oglx2y5EYt+mCC0bwKvwbtE3ro3Zsg9heHAUir/3dHUBtV2Rr8DQQjwyPg==",
      "license": "MIT",
      "dependencies": {
        "es6-promise": "^3.1.2"
      }
    }
  }
}
